
Microsoft Visual Studio Solution File, Format Version 12.00
# Visual Studio Version 17
VisualStudioVersion = 17.14.36327.8 d17.14
MinimumVisualStudioVersion = 10.0.40219.1
Project("{FAE04EC0-301F-11D3-BF4B-00C04F79EFBC}") = "xmlRakendus", "xmlRakendus\xmlRakendus.csproj", "{55B5852C-4D2E-4BCB-9516-C8F9EC87981F}"
EndProject
Global
	GlobalSection(SolutionConfigurationPlatforms) = preSolution
		Debug|Any CPU = Debug|Any CPU
		Release|Any CPU = Release|Any CPU
	EndGlobalSection
	GlobalSection(ProjectConfigurationPlatforms) = postSolution
		{55B5852C-4D2E-4BCB-9516-C8F9EC87981F}.Debug|Any CPU.ActiveCfg = Debug|Any CPU
		{55B5852C-4D2E-4BCB-9516-C8F9EC87981F}.Debug|Any CPU.Build.0 = Debug|Any CPU
		{55B5852C-4D2E-4BCB-9516-C8F9EC87981F}.Release|Any CPU.ActiveCfg = Release|Any CPU
		{55B5852C-4D2E-4BCB-9516-C8F9EC87981F}.Release|Any CPU.Build.0 = Release|Any CPU
	EndGlobalSection
	GlobalSection(SolutionProperties) = preSolution
		HideSolutionNode = FALSE
	EndGlobalSection
	GlobalSection(ExtensibilityGlobals) = postSolution
		SolutionGuid = {84941D3A-7DBD-45E3-843A-BD095E90C40E}
	EndGlobalSection
EndGlobal
